
Microsoft Visual Studio Solution File, Format Version 12.00
# Visual Studio Version 16
VisualStudioVersion = 25.0.1706.0
MinimumVisualStudioVersion = 10.0.40219.1
Project("{FAE04EC0-301F-11D3-BF4B-00C04F79EFBC}") = "Проект", "Проект\Проект.csproj", "{BE42BB8C-8145-45B6-89B4-73F911317F81}"
EndProject
Global
	GlobalSection(SolutionConfigurationPlatforms) = preSolution
		Debug|Any CPU = Debug|Any CPU
		Release|Any CPU = Release|Any CPU
	EndGlobalSection
	GlobalSection(ProjectConfigurationPlatforms) = postSolution
		{BE42BB8C-8145-45B6-89B4-73F911317F81}.Debug|Any CPU.ActiveCfg = Debug|Any CPU
		{BE42BB8C-8145-45B6-89B4-73F911317F81}.Debug|Any CPU.Build.0 = Debug|Any CPU
		{BE42BB8C-8145-45B6-89B4-73F911317F81}.Release|Any CPU.ActiveCfg = Release|Any CPU
		{BE42BB8C-8145-45B6-89B4-73F911317F81}.Release|Any CPU.Build.0 = Release|Any CPU
	EndGlobalSection
	GlobalSection(SolutionProperties) = preSolution
		HideSolutionNode = FALSE
	EndGlobalSection
	GlobalSection(ExtensibilityGlobals) = postSolution
		SolutionGuid = {20EE8DCB-5A61-4331-A28C-7FEFDC7DF4B3}
	EndGlobalSection
EndGlobal
